// !$*UTF8*$!
{
	archiveVersion = 1;
	classes = {
	};
	objectVersion = 56;
	objects = {

/* Begin PBXBuildFile section */
		8793F07029BA92A800342DB9 /* AppDelegate.swift in Sources */ = {isa = PBXBuildFile; fileRef = 8793F06F29BA92A800342DB9 /* AppDelegate.swift */; };
		8793F07429BA92A800342DB9 /* ListCitiesViewController.swift in Sources */ = {isa = PBXBuildFile; fileRef = 8793F07329BA92A800342DB9 /* ListCitiesViewController.swift */; };
		8793F07729BA92A800342DB9 /* Main.storyboard in Resources */ = {isa = PBXBuildFile; fileRef = 8793F07529BA92A800342DB9 /* Main.storyboard */; };
		8793F07A29BA92A800342DB9 /* MiWeather.xcdatamodeld in Sources */ = {isa = PBXBuildFile; fileRef = 8793F07829BA92A800342DB9 /* MiWeather.xcdatamodeld */; };
		8793F07C29BA92AA00342DB9 /* Assets.xcassets in Resources */ = {isa = PBXBuildFile; fileRef = 8793F07B29BA92AA00342DB9 /* Assets.xcassets */; };
		8793F07F29BA92AA00342DB9 /* LaunchScreen.storyboard in Resources */ = {isa = PBXBuildFile; fileRef = 8793F07D29BA92AA00342DB9 /* LaunchScreen.storyboard */; };
		8793F08A29BA92AA00342DB9 /* MiWeatherTests.swift in Sources */ = {isa = PBXBuildFile; fileRef = 8793F08929BA92AA00342DB9 /* MiWeatherTests.swift */; };
		8793F09429BA92AA00342DB9 /* MiWeatherUITests.swift in Sources */ = {isa = PBXBuildFile; fileRef = 8793F09329BA92AA00342DB9 /* MiWeatherUITests.swift */; };
		8793F09629BA92AA00342DB9 /* MiWeatherUITestsLaunchTests.swift in Sources */ = {isa = PBXBuildFile; fileRef = 8793F09529BA92AA00342DB9 /* MiWeatherUITestsLaunchTests.swift */; };
		8793F0BE29BAA7C200342DB9 /* SearchCityTableViewCell.xib in Resources */ = {isa = PBXBuildFile; fileRef = 8793F0B629BAA7C200342DB9 /* SearchCityTableViewCell.xib */; };
		8793F0BF29BAA7C200342DB9 /* AddCityViewController.xib in Resources */ = {isa = PBXBuildFile; fileRef = 8793F0B729BAA7C200342DB9 /* AddCityViewController.xib */; };
		8793F0C029BAA7C200342DB9 /* AddCityViewController.swift in Sources */ = {isa = PBXBuildFile; fileRef = 8793F0B829BAA7C200342DB9 /* AddCityViewController.swift */; };
		8793F0C129BAA7C200342DB9 /* AddCityViewModel.swift in Sources */ = {isa = PBXBuildFile; fileRef = 8793F0B929BAA7C200342DB9 /* AddCityViewModel.swift */; };
		8793F0C229BAA7C200342DB9 /* SearchCityTableViewCell.swift in Sources */ = {isa = PBXBuildFile; fileRef = 8793F0BA29BAA7C200342DB9 /* SearchCityTableViewCell.swift */; };
		8793F0C329BAA7C200342DB9 /* CoreDataManager.swift in Sources */ = {isa = PBXBuildFile; fileRef = 8793F0BB29BAA7C200342DB9 /* CoreDataManager.swift */; };
		8793F0C429BAA7C200342DB9 /* City.swift in Sources */ = {isa = PBXBuildFile; fileRef = 8793F0BD29BAA7C200342DB9 /* City.swift */; };
/* End PBXBuildFile section */

/* Begin PBXContainerItemProxy section */
		8793F08629BA92AA00342DB9 /* PBXContainerItemProxy */ = {
			isa = PBXContainerItemProxy;
			containerPortal = 8793F06429BA92A800342DB9 /* Project object */;
			proxyType = 1;
			remoteGlobalIDString = 8793F06B29BA92A800342DB9;
			remoteInfo = MiWeather;
		};
		8793F09029BA92AA00342DB9 /* PBXContainerItemProxy */ = {
			isa = PBXContainerItemProxy;
			containerPortal = 8793F06429BA92A800342DB9 /* Project object */;
			proxyType = 1;
			remoteGlobalIDString = 8793F06B29BA92A800342DB9;
			remoteInfo = MiWeather;
		};
/* End PBXContainerItemProxy section */

/* Begin PBXFileReference section */
		8793F06C29BA92A800342DB9 /* MiWeather.app */ = {isa = PBXFileReference; explicitFileType = wrapper.application; includeInIndex = 0; path = MiWeather.app; sourceTree = BUILT_PRODUCTS_DIR; };
		8793F06F29BA92A800342DB9 /* AppDelegate.swift */ = {isa = PBXFileReference; lastKnownFileType = sourcecode.swift; path = AppDelegate.swift; sourceTree = "<group>"; };
		8793F07329BA92A800342DB9 /* ListCitiesViewController.swift */ = {isa = PBXFileReference; lastKnownFileType = sourcecode.swift; path = ListCitiesViewController.swift; sourceTree = "<group>"; };
		8793F07629BA92A800342DB9 /* Base */ = {isa = PBXFileReference; lastKnownFileType = file.storyboard; name = Base; path = Base.lproj/Main.storyboard; sourceTree = "<group>"; };
		8793F07929BA92A800342DB9 /* MiWeather.xcdatamodel */ = {isa = PBXFileReference; lastKnownFileType = wrapper.xcdatamodel; path = MiWeather.xcdatamodel; sourceTree = "<group>"; };
		8793F07B29BA92AA00342DB9 /* Assets.xcassets */ = {isa = PBXFileReference; lastKnownFileType = folder.assetcatalog; path = Assets.xcassets; sourceTree = "<group>"; };
		8793F07E29BA92AA00342DB9 /* Base */ = {isa = PBXFileReference; lastKnownFileType = file.storyboard; name = Base; path = Base.lproj/LaunchScreen.storyboard; sourceTree = "<group>"; };
		8793F08029BA92AA00342DB9 /* Info.plist */ = {isa = PBXFileReference; lastKnownFileType = text.plist.xml; path = Info.plist; sourceTree = "<group>"; };
		8793F08529BA92AA00342DB9 /* MiWeatherTests.xctest */ = {isa = PBXFileReference; explicitFileType = wrapper.cfbundle; includeInIndex = 0; path = MiWeatherTests.xctest; sourceTree = BUILT_PRODUCTS_DIR; };
		8793F08929BA92AA00342DB9 /* MiWeatherTests.swift */ = {isa = PBXFileReference; lastKnownFileType = sourcecode.swift; path = MiWeatherTests.swift; sourceTree = "<group>"; };
		8793F08F29BA92AA00342DB9 /* MiWeatherUITests.xctest */ = {isa = PBXFileReference; explicitFileType = wrapper.cfbundle; includeInIndex = 0; path = MiWeatherUITests.xctest; sourceTree = BUILT_PRODUCTS_DIR; };
		8793F09329BA92AA00342DB9 /* MiWeatherUITests.swift */ = {isa = PBXFileReference; lastKnownFileType = sourcecode.swift; path = MiWeatherUITests.swift; sourceTree = "<group>"; };
		8793F09529BA92AA00342DB9 /* MiWeatherUITestsLaunchTests.swift */ = {isa = PBXFileReference; lastKnownFileType = sourcecode.swift; path = MiWeatherUITestsLaunchTests.swift; sourceTree = "<group>"; };
		8793F0B629BAA7C200342DB9 /* SearchCityTableViewCell.xib */ = {isa = PBXFileReference; fileEncoding = 4; lastKnownFileType = file.xib; path = SearchCityTableViewCell.xib; sourceTree = "<group>"; };
		8793F0B729BAA7C200342DB9 /* AddCityViewController.xib */ = {isa = PBXFileReference; fileEncoding = 4; lastKnownFileType = file.xib; path = AddCityViewController.xib; sourceTree = "<group>"; };
		8793F0B829BAA7C200342DB9 /* AddCityViewController.swift */ = {isa = PBXFileReference; fileEncoding = 4; lastKnownFileType = sourcecode.swift; path = AddCityViewController.swift; sourceTree = "<group>"; };
		8793F0B929BAA7C200342DB9 /* AddCityViewModel.swift */ = {isa = PBXFileReference; fileEncoding = 4; lastKnownFileType = sourcecode.swift; path = AddCityViewModel.swift; sourceTree = "<group>"; };
		8793F0BA29BAA7C200342DB9 /* SearchCityTableViewCell.swift */ = {isa = PBXFileReference; fileEncoding = 4; lastKnownFileType = sourcecode.swift; path = SearchCityTableViewCell.swift; sourceTree = "<group>"; };
		8793F0BB29BAA7C200342DB9 /* CoreDataManager.swift */ = {isa = PBXFileReference; fileEncoding = 4; lastKnownFileType = sourcecode.swift; path = CoreDataManager.swift; sourceTree = "<group>"; };
		8793F0BD29BAA7C200342DB9 /* City.swift */ = {isa = PBXFileReference; fileEncoding = 4; lastKnownFileType = sourcecode.swift; path = City.swift; sourceTree = "<group>"; };
/* End PBXFileReference section */

/* Begin PBXFrameworksBuildPhase section */
		8793F06929BA92A800342DB9 /* Frameworks */ = {
			isa = PBXFrameworksBuildPhase;
			buildActionMask = 2147483647;
			files = (
			);
			runOnlyForDeploymentPostprocessing = 0;
		};
		8793F08229BA92AA00342DB9 /* Frameworks */ = {
			isa = PBXFrameworksBuildPhase;
			buildActionMask = 2147483647;
			files = (
			);
			runOnlyForDeploymentPostprocessing = 0;
		};
		8793F08C29BA92AA00342DB9 /* Frameworks */ = {
			isa = PBXFrameworksBuildPhase;
			buildActionMask = 2147483647;
			files = (
			);
			runOnlyForDeploymentPostprocessing = 0;
		};
/* End PBXFrameworksBuildPhase section */

/* Begin PBXGroup section */
		8793F06329BA92A800342DB9 = {
			isa = PBXGroup;
			children = (
				8793F06E29BA92A800342DB9 /* MiWeather */,
				8793F08829BA92AA00342DB9 /* MiWeatherTests */,
				8793F09229BA92AA00342DB9 /* MiWeatherUITests */,
				8793F06D29BA92A800342DB9 /* Products */,
			);
			sourceTree = "<group>";
		};
		8793F06D29BA92A800342DB9 /* Products */ = {
			isa = PBXGroup;
			children = (
				8793F06C29BA92A800342DB9 /* MiWeather.app */,
				8793F08529BA92AA00342DB9 /* MiWeatherTests.xctest */,
				8793F08F29BA92AA00342DB9 /* MiWeatherUITests.xctest */,
			);
			name = Products;
			sourceTree = "<group>";
		};
		8793F06E29BA92A800342DB9 /* MiWeather */ = {
			isa = PBXGroup;
			children = (
				8793F0B529BAA7C200342DB9 /* AddCityScene */,
				8793F0BB29BAA7C200342DB9 /* CoreDataManager.swift */,
				8793F0BC29BAA7C200342DB9 /* model */,
				8793F0A229BA97B200342DB9 /* ListCityScene */,
				8793F06F29BA92A800342DB9 /* AppDelegate.swift */,
				8793F07529BA92A800342DB9 /* Main.storyboard */,
				8793F07B29BA92AA00342DB9 /* Assets.xcassets */,
				8793F07D29BA92AA00342DB9 /* LaunchScreen.storyboard */,
				8793F08029BA92AA00342DB9 /* Info.plist */,
				8793F07829BA92A800342DB9 /* MiWeather.xcdatamodeld */,
			);
			path = MiWeather;
			sourceTree = "<group>";
		};
		8793F08829BA92AA00342DB9 /* MiWeatherTests */ = {
			isa = PBXGroup;
			children = (
				8793F08929BA92AA00342DB9 /* MiWeatherTests.swift */,
			);
			path = MiWeatherTests;
			sourceTree = "<group>";
		};
		8793F09229BA92AA00342DB9 /* MiWeatherUITests */ = {
			isa = PBXGroup;
			children = (
				8793F09329BA92AA00342DB9 /* MiWeatherUITests.swift */,
				8793F09529BA92AA00342DB9 /* MiWeatherUITestsLaunchTests.swift */,
			);
			path = MiWeatherUITests;
			sourceTree = "<group>";
		};
		8793F0A229BA97B200342DB9 /* ListCityScene */ = {
			isa = PBXGroup;
			children = (
				8793F07329BA92A800342DB9 /* ListCitiesViewController.swift */,
			);
			path = ListCityScene;
			sourceTree = "<group>";
		};
		8793F0B529BAA7C200342DB9 /* AddCityScene */ = {
			isa = PBXGroup;
			children = (
				8793F0B629BAA7C200342DB9 /* SearchCityTableViewCell.xib */,
				8793F0B729BAA7C200342DB9 /* AddCityViewController.xib */,
				8793F0B829BAA7C200342DB9 /* AddCityViewController.swift */,
				8793F0B929BAA7C200342DB9 /* AddCityViewModel.swift */,
				8793F0BA29BAA7C200342DB9 /* SearchCityTableViewCell.swift */,
			);
			path = AddCityScene;
			sourceTree = "<group>";
		};
		8793F0BC29BAA7C200342DB9 /* model */ = {
			isa = PBXGroup;
			children = (
				8793F0BD29BAA7C200342DB9 /* City.swift */,
			);
			path = model;
			sourceTree = "<group>";
		};
/* End PBXGroup section */

/* Begin PBXNativeTarget section */
		8793F06B29BA92A800342DB9 /* MiWeather */ = {
			isa = PBXNativeTarget;
			buildConfigurationList = 8793F09929BA92AA00342DB9 /* Build configuration list for PBXNativeTarget "MiWeather" */;
			buildPhases = (
				8793F06829BA92A800342DB9 /* Sources */,
				8793F06929BA92A800342DB9 /* Frameworks */,
				8793F06A29BA92A800342DB9 /* Resources */,
			);
			buildRules = (
			);
			dependencies = (
			);
			name = MiWeather;
			productName = MiWeather;
			productReference = 8793F06C29BA92A800342DB9 /* MiWeather.app */;
			productType = "com.apple.product-type.application";
		};
		8793F08429BA92AA00342DB9 /* MiWeatherTests */ = {
			isa = PBXNativeTarget;
			buildConfigurationList = 8793F09C29BA92AA00342DB9 /* Build configuration list for PBXNativeTarget "MiWeatherTests" */;
			buildPhases = (
				8793F08129BA92AA00342DB9 /* Sources */,
				8793F08229BA92AA00342DB9 /* Frameworks */,
				8793F08329BA92AA00342DB9 /* Resources */,
			);
			buildRules = (
			);
			dependencies = (
				8793F08729BA92AA00342DB9 /* PBXTargetDependency */,
			);
			name = MiWeatherTests;
			productName = MiWeatherTests;
			productReference = 8793F08529BA92AA00342DB9 /* MiWeatherTests.xctest */;
			productType = "com.apple.product-type.bundle.unit-test";
		};
		8793F08E29BA92AA00342DB9 /* MiWeatherUITests */ = {
			isa = PBXNativeTarget;
			buildConfigurationList = 8793F09F29BA92AA00342DB9 /* Build configuration list for PBXNativeTarget "MiWeatherUITests" */;
			buildPhases = (
				8793F08B29BA92AA00342DB9 /* Sources */,
				8793F08C29BA92AA00342DB9 /* Frameworks */,
				8793F08D29BA92AA00342DB9 /* Resources */,
			);
			buildRules = (
			);
			dependencies = (
				8793F09129BA92AA00342DB9 /* PBXTargetDependency */,
			);
			name = MiWeatherUITests;
			productName = MiWeatherUITests;
			productReference = 8793F08F29BA92AA00342DB9 /* MiWeatherUITests.xctest */;
			productType = "com.apple.product-type.bundle.ui-testing";
		};
/* End PBXNativeTarget section */

/* Begin PBXProject section */
		8793F06429BA92A800342DB9 /* Project object */ = {
			isa = PBXProject;
			attributes = {
				BuildIndependentTargetsInParallel = 1;
				LastSwiftUpdateCheck = 1420;
				LastUpgradeCheck = 1420;
				TargetAttributes = {
					8793F06B29BA92A800342DB9 = {
						CreatedOnToolsVersion = 14.2;
					};
					8793F08429BA92AA00342DB9 = {
						CreatedOnToolsVersion = 14.2;
						TestTargetID = 8793F06B29BA92A800342DB9;
					};
					8793F08E29BA92AA00342DB9 = {
						CreatedOnToolsVersion = 14.2;
						TestTargetID = 8793F06B29BA92A800342DB9;
					};
				};
			};
			buildConfigurationList = 8793F06729BA92A800342DB9 /* Build configuration list for PBXProject "MiWeather" */;
			compatibilityVersion = "Xcode 14.0";
			developmentRegion = en;
			hasScannedForEncodings = 0;
			knownRegions = (
				en,
				Base,
			);
			mainGroup = 8793F06329BA92A800342DB9;
			productRefGroup = 8793F06D29BA92A800342DB9 /* Products */;
			projectDirPath = "";
			projectRoot = "";
			targets = (
				8793F06B29BA92A800342DB9 /* MiWeather */,
				8793F08429BA92AA00342DB9 /* MiWeatherTests */,
				8793F08E29BA92AA00342DB9 /* MiWeatherUITests */,
			);
		};
/* End PBXProject section */

/* Begin PBXResourcesBuildPhase section */
		8793F06A29BA92A800342DB9 /* Resources */ = {
			isa = PBXResourcesBuildPhase;
			buildActionMask = 2147483647;
			files = (
				8793F0BF29BAA7C200342DB9 /* AddCityViewController.xib in Resources */,
				8793F07F29BA92AA00342DB9 /* LaunchScreen.storyboard in Resources */,
				8793F07C29BA92AA00342DB9 /* Assets.xcassets in Resources */,
				8793F0BE29BAA7C200342DB9 /* SearchCityTableViewCell.xib in Resources */,
				8793F07729BA92A800342DB9 /* Main.storyboard in Resources */,
			);
			runOnlyForDeploymentPostprocessing = 0;
		};
		8793F08329BA92AA00342DB9 /* Resources */ = {
			isa = PBXResourcesBuildPhase;
			buildActionMask = 2147483647;
			files = (
			);
			runOnlyForDeploymentPostprocessing = 0;
		};
		8793F08D29BA92AA00342DB9 /* Resources */ = {
			isa = PBXResourcesBuildPhase;
			buildActionMask = 2147483647;
			files = (
			);
			runOnlyForDeploymentPostprocessing = 0;
		};
/* End PBXResourcesBuildPhase section */

/* Begin PBXSourcesBuildPhase section */
		8793F06829BA92A800342DB9 /* Sources */ = {
			isa = PBXSourcesBuildPhase;
			buildActionMask = 2147483647;
			files = (
				8793F0C129BAA7C200342DB9 /* AddCityViewModel.swift in Sources */,
				8793F07A29BA92A800342DB9 /* MiWeather.xcdatamodeld in Sources */,
				8793F0C229BAA7C200342DB9 /* SearchCityTableViewCell.swift in Sources */,
				8793F07429BA92A800342DB9 /* ListCitiesViewController.swift in Sources */,
				8793F07029BA92A800342DB9 /* AppDelegate.swift in Sources */,
				8793F0C329BAA7C200342DB9 /* CoreDataManager.swift in Sources */,
				8793F0C429BAA7C200342DB9 /* City.swift in Sources */,
				8793F0C029BAA7C200342DB9 /* AddCityViewController.swift in Sources */,
			);
			runOnlyForDeploymentPostprocessing = 0;
		};
		8793F08129BA92AA00342DB9 /* Sources */ = {
			isa = PBXSourcesBuildPhase;
			buildActionMask = 2147483647;
			files = (
				8793F08A29BA92AA00342DB9 /* MiWeatherTests.swift in Sources */,
			);
			runOnlyForDeploymentPostprocessing = 0;
		};
		8793F08B29BA92AA00342DB9 /* Sources */ = {
			isa = PBXSourcesBuildPhase;
			buildActionMask = 2147483647;
			files = (
				8793F09429BA92AA00342DB9 /* MiWeatherUITests.swift in Sources */,
				8793F09629BA92AA00342DB9 /* MiWeatherUITestsLaunchTests.swift in Sources */,
			);
			runOnlyForDeploymentPostprocessing = 0;
		};
/* End PBXSourcesBuildPhase section */

/* Begin PBXTargetDependency section */
		8793F08729BA92AA00342DB9 /* PBXTargetDependency */ = {
			isa = PBXTargetDependency;
			target = 8793F06B29BA92A800342DB9 /* MiWeather */;
			targetProxy = 8793F08629BA92AA00342DB9 /* PBXContainerItemProxy */;
		};
		8793F09129BA92AA00342DB9 /* PBXTargetDependency */ = {
			isa = PBXTargetDependency;
			target = 8793F06B29BA92A800342DB9 /* MiWeather */;
			targetProxy = 8793F09029BA92AA00342DB9 /* PBXContainerItemProxy */;
		};
/* End PBXTargetDependency section */

/* Begin PBXVariantGroup section */
		8793F07529BA92A800342DB9 /* Main.storyboard */ = {
			isa = PBXVariantGroup;
			children = (
				8793F07629BA92A800342DB9 /* Base */,
			);
			name = Main.storyboard;
			sourceTree = "<group>";
		};
		8793F07D29BA92AA00342DB9 /* LaunchScreen.storyboard */ = {
			isa = PBXVariantGroup;
			children = (
				8793F07E29BA92AA00342DB9 /* Base */,
			);
			name = LaunchScreen.storyboard;
			sourceTree = "<group>";
		};
/* End PBXVariantGroup section */

/* Begin XCBuildConfiguration section */
		8793F09729BA92AA00342DB9 /* Debug */ = {
			isa = XCBuildConfiguration;
			buildSettings = {
				ALWAYS_SEARCH_USER_PATHS = NO;
				CLANG_ANALYZER_NONNULL = YES;
				CLANG_ANALYZER_NUMBER_OBJECT_CONVERSION = YES_AGGRESSIVE;
				CLANG_CXX_LANGUAGE_STANDARD = "gnu++20";
				CLANG_ENABLE_MODULES = YES;
				CLANG_ENABLE_OBJC_ARC = YES;
				CLANG_ENABLE_OBJC_WEAK = YES;
				CLANG_WARN_BLOCK_CAPTURE_AUTORELEASING = YES;
				CLANG_WARN_BOOL_CONVERSION = YES;
				CLANG_WARN_COMMA = YES;
				CLANG_WARN_CONSTANT_CONVERSION = YES;
				CLANG_WARN_DEPRECATED_OBJC_IMPLEMENTATIONS = YES;
				CLANG_WARN_DIRECT_OBJC_ISA_USAGE = YES_ERROR;
				CLANG_WARN_DOCUMENTATION_COMMENTS = YES;
				CLANG_WARN_EMPTY_BODY = YES;
				CLANG_WARN_ENUM_CONVERSION = YES;
				CLANG_WARN_INFINITE_RECURSION = YES;
				CLANG_WARN_INT_CONVERSION = YES;
				CLANG_WARN_NON_LITERAL_NULL_CONVERSION = YES;
				CLANG_WARN_OBJC_IMPLICIT_RETAIN_SELF = YES;
				CLANG_WARN_OBJC_LITERAL_CONVERSION = YES;
				CLANG_WARN_OBJC_ROOT_CLASS = YES_ERROR;
				CLANG_WARN_QUOTED_INCLUDE_IN_FRAMEWORK_HEADER = YES;
				CLANG_WARN_RANGE_LOOP_ANALYSIS = YES;
				CLANG_WARN_STRICT_PROTOTYPES = YES;
				CLANG_WARN_SUSPICIOUS_MOVE = YES;
				CLANG_WARN_UNGUARDED_AVAILABILITY = YES_AGGRESSIVE;
				CLANG_WARN_UNREACHABLE_CODE = YES;
				CLANG_WARN__DUPLICATE_METHOD_MATCH = YES;
				COPY_PHASE_STRIP = NO;
				DEBUG_INFORMATION_FORMAT = dwarf;
				ENABLE_STRICT_OBJC_MSGSEND = YES;
				ENABLE_TESTABILITY = YES;
				GCC_C_LANGUAGE_STANDARD = gnu11;
				GCC_DYNAMIC_NO_PIC = NO;
				GCC_NO_COMMON_BLOCKS = YES;
				GCC_OPTIMIZATION_LEVEL = 0;
				GCC_PREPROCESSOR_DEFINITIONS = (
					"DEBUG=1",
					"$(inherited)",
				);
				GCC_WARN_64_TO_32_BIT_CONVERSION = YES;
				GCC_WARN_ABOUT_RETURN_TYPE = YES_ERROR;
				GCC_WARN_UNDECLARED_SELECTOR = YES;
				GCC_WARN_UNINITIALIZED_AUTOS = YES_AGGRESSIVE;
				GCC_WARN_UNUSED_FUNCTION = YES;
				GCC_WARN_UNUSED_VARIABLE = YES;
				IPHONEOS_DEPLOYMENT_TARGET = 16.2;
				MTL_ENABLE_DEBUG_INFO = INCLUDE_SOURCE;
				MTL_FAST_MATH = YES;
				ONLY_ACTIVE_ARCH = YES;
				SDKROOT = iphoneos;
				SWIFT_ACTIVE_COMPILATION_CONDITIONS = DEBUG;
				SWIFT_OPTIMIZATION_LEVEL = "-Onone";
			};
			name = Debug;
		};
		8793F09829BA92AA00342DB9 /* Release */ = {
			isa = XCBuildConfiguration;
			buildSettings = {
				ALWAYS_SEARCH_USER_PATHS = NO;
				CLANG_ANALYZER_NONNULL = YES;
				CLANG_ANALYZER_NUMBER_OBJECT_CONVERSION = YES_AGGRESSIVE;
				CLANG_CXX_LANGUAGE_STANDARD = "gnu++20";
				CLANG_ENABLE_MODULES = YES;
				CLANG_ENABLE_OBJC_ARC = YES;
				CLANG_ENABLE_OBJC_WEAK = YES;
				CLANG_WARN_BLOCK_CAPTURE_AUTORELEASING = YES;
				CLANG_WARN_BOOL_CONVERSION = YES;
				CLANG_WARN_COMMA = YES;
				CLANG_WARN_CONSTANT_CONVERSION = YES;
				CLANG_WARN_DEPRECATED_OBJC_IMPLEMENTATIONS = YES;
				CLANG_WARN_DIRECT_OBJC_ISA_USAGE = YES_ERROR;
				CLANG_WARN_DOCUMENTATION_COMMENTS = YES;
				CLANG_WARN_EMPTY_BODY = YES;
				CLANG_WARN_ENUM_CONVERSION = YES;
				CLANG_WARN_INFINITE_RECURSION = YES;
				CLANG_WARN_INT_CONVERSION = YES;
				CLANG_WARN_NON_LITERAL_NULL_CONVERSION = YES;
				CLANG_WARN_OBJC_IMPLICIT_RETAIN_SELF = YES;
				CLANG_WARN_OBJC_LITERAL_CONVERSION = YES;
				CLANG_WARN_OBJC_ROOT_CLASS = YES_ERROR;
				CLANG_WARN_QUOTED_INCLUDE_IN_FRAMEWORK_HEADER = YES;
				CLANG_WARN_RANGE_LOOP_ANALYSIS = YES;
				CLANG_WARN_STRICT_PROTOTYPES = YES;
				CLANG_WARN_SUSPICIOUS_MOVE = YES;
				CLANG_WARN_UNGUARDED_AVAILABILITY = YES_AGGRESSIVE;
				CLANG_WARN_UNREACHABLE_CODE = YES;
				CLANG_WARN__DUPLICATE_METHOD_MATCH = YES;
				COPY_PHASE_STRIP = NO;
				DEBUG_INFORMATION_FORMAT = "dwarf-with-dsym";
				ENABLE_NS_ASSERTIONS = NO;
				ENABLE_STRICT_OBJC_MSGSEND = YES;
				GCC_C_LANGUAGE_STANDARD = gnu11;
				GCC_NO_COMMON_BLOCKS = YES;
				GCC_WARN_64_TO_32_BIT_CONVERSION = YES;
				GCC_WARN_ABOUT_RETURN_TYPE = YES_ERROR;
				GCC_WARN_UNDECLARED_SELECTOR = YES;
				GCC_WARN_UNINITIALIZED_AUTOS = YES_AGGRESSIVE;
				GCC_WARN_UNUSED_FUNCTION = YES;
				GCC_WARN_UNUSED_VARIABLE = YES;
				IPHONEOS_DEPLOYMENT_TARGET = 16.2;
				MTL_ENABLE_DEBUG_INFO = NO;
				MTL_FAST_MATH = YES;
				SDKROOT = iphoneos;
				SWIFT_COMPILATION_MODE = wholemodule;
				SWIFT_OPTIMIZATION_LEVEL = "-O";
				VALIDATE_PRODUCT = YES;
			};
			name = Release;
		};
		8793F09A29BA92AA00342DB9 /* Debug */ = {
			isa = XCBuildConfiguration;
			buildSettings = {
				ASSETCATALOG_COMPILER_APPICON_NAME = AppIcon;
				ASSETCATALOG_COMPILER_GLOBAL_ACCENT_COLOR_NAME = AccentColor;
				CODE_SIGN_STYLE = Automatic;
				CURRENT_PROJECT_VERSION = 1;
				GENERATE_INFOPLIST_FILE = YES;
				INFOPLIST_FILE = MiWeather/Info.plist;
				INFOPLIST_KEY_UIApplicationSupportsIndirectInputEvents = YES;
				INFOPLIST_KEY_UILaunchStoryboardName = LaunchScreen;
				INFOPLIST_KEY_UIMainStoryboardFile = Main;
				INFOPLIST_KEY_UISupportedInterfaceOrientations_iPad = "UIInterfaceOrientationPortrait UIInterfaceOrientationPortraitUpsideDown UIInterfaceOrientationLandscapeLeft UIInterfaceOrientationLandscapeRight";
				INFOPLIST_KEY_UISupportedInterfaceOrientations_iPhone = "UIInterfaceOrientationPortrait UIInterfaceOrientationLandscapeLeft UIInterfaceOrientationLandscapeRight";
				IPHONEOS_DEPLOYMENT_TARGET = 11.0;
				LD_RUNPATH_SEARCH_PATHS = (
					"$(inherited)",
					"@executable_path/Frameworks",
				);
				MARKETING_VERSION = 1.0;
				PRODUCT_BUNDLE_IDENTIFIER = dauphinegroup.MiWeather;
				PRODUCT_NAME = "$(TARGET_NAME)";
				SWIFT_EMIT_LOC_STRINGS = YES;
				SWIFT_VERSION = 5.0;
				TARGETED_DEVICE_FAMILY = "1,2";
			};
			name = Debug;
		};
		8793F09B29BA92AA00342DB9 /* Release */ = {
			isa = XCBuildConfiguration;
			buildSettings = {
				ASSETCATALOG_COMPILER_APPICON_NAME = AppIcon;
				ASSETCATALOG_COMPILER_GLOBAL_ACCENT_COLOR_NAME = AccentColor;
				CODE_SIGN_STYLE = Automatic;
				CURRENT_PROJECT_VERSION = 1;
				GENERATE_INFOPLIST_FILE = YES;
				INFOPLIST_FILE = MiWeather/Info.plist;
				INFOPLIST_KEY_UIApplicationSupportsIndirectInputEvents = YES;
				INFOPLIST_KEY_UILaunchStoryboardName = LaunchScreen;
				INFOPLIST_KEY_UIMainStoryboardFile = Main;
				INFOPLIST_KEY_UISupportedInterfaceOrientations_iPad = "UIInterfaceOrientationPortrait UIInterfaceOrientationPortraitUpsideDown UIInterfaceOrientationLandscapeLeft UIInterfaceOrientationLandscapeRight";
				INFOPLIST_KEY_UISupportedInterfaceOrientations_iPhone = "UIInterfaceOrientationPortrait UIInterfaceOrientationLandscapeLeft UIInterfaceOrientationLandscapeRight";
				IPHONEOS_DEPLOYMENT_TARGET = 11.0;
				LD_RUNPATH_SEARCH_PATHS = (
					"$(inherited)",
					"@executable_path/Frameworks",
				);
				MARKETING_VERSION = 1.0;
				PRODUCT_BUNDLE_IDENTIFIER = dauphinegroup.MiWeather;
				PRODUCT_NAME = "$(TARGET_NAME)";
				SWIFT_EMIT_LOC_STRINGS = YES;
				SWIFT_VERSION = 5.0;
				TARGETED_DEVICE_FAMILY = "1,2";
			};
			name = Release;
		};
		8793F09D29BA92AA00342DB9 /* Debug */ = {
			isa = XCBuildConfiguration;
			buildSettings = {
				ALWAYS_EMBED_SWIFT_STANDARD_LIBRARIES = YES;
				BUNDLE_LOADER = "$(TEST_HOST)";
				CODE_SIGN_STYLE = Automatic;
				CURRENT_PROJECT_VERSION = 1;
				GENERATE_INFOPLIST_FILE = YES;
				IPHONEOS_DEPLOYMENT_TARGET = 16.2;
				MARKETING_VERSION = 1.0;
				PRODUCT_BUNDLE_IDENTIFIER = dauphinegroup.MiWeatherTests;
				PRODUCT_NAME = "$(TARGET_NAME)";
				SWIFT_EMIT_LOC_STRINGS = NO;
				SWIFT_VERSION = 5.0;
				TARGETED_DEVICE_FAMILY = "1,2";
				TEST_HOST = "$(BUILT_PRODUCTS_DIR)/MiWeather.app/$(BUNDLE_EXECUTABLE_FOLDER_PATH)/MiWeather";
			};
			name = Debug;
		};
		8793F09E29BA92AA00342DB9 /* Release */ = {
			isa = XCBuildConfiguration;
			buildSettings = {
				ALWAYS_EMBED_SWIFT_STANDARD_LIBRARIES = YES;
				BUNDLE_LOADER = "$(TEST_HOST)";
				CODE_SIGN_STYLE = Automatic;
				CURRENT_PROJECT_VERSION = 1;
				GENERATE_INFOPLIST_FILE = YES;
				IPHONEOS_DEPLOYMENT_TARGET = 16.2;
				MARKETING_VERSION = 1.0;
				PRODUCT_BUNDLE_IDENTIFIER = dauphinegroup.MiWeatherTests;
				PRODUCT_NAME = "$(TARGET_NAME)";
				SWIFT_EMIT_LOC_STRINGS = NO;
				SWIFT_VERSION = 5.0;
				TARGETED_DEVICE_FAMILY = "1,2";
				TEST_HOST = "$(BUILT_PRODUCTS_DIR)/MiWeather.app/$(BUNDLE_EXECUTABLE_FOLDER_PATH)/MiWeather";
			};
			name = Release;
		};
		8793F0A029BA92AA00342DB9 /* Debug */ = {
			isa = XCBuildConfiguration;
			buildSettings = {
				ALWAYS_EMBED_SWIFT_STANDARD_LIBRARIES = YES;
				CODE_SIGN_STYLE = Automatic;
				CURRENT_PROJECT_VERSION = 1;
				GENERATE_INFOPLIST_FILE = YES;
				MARKETING_VERSION = 1.0;
				PRODUCT_BUNDLE_IDENTIFIER = dauphinegroup.MiWeatherUITests;
				PRODUCT_NAME = "$(TARGET_NAME)";
				SWIFT_EMIT_LOC_STRINGS = NO;
				SWIFT_VERSION = 5.0;
				TARGETED_DEVICE_FAMILY = "1,2";
				TEST_TARGET_NAME = MiWeather;
			};
			name = Debug;
		};
		8793F0A129BA92AA00342DB9 /* Release */ = {
			isa = XCBuildConfiguration;
			buildSettings = {
				ALWAYS_EMBED_SWIFT_STANDARD_LIBRARIES = YES;
				CODE_SIGN_STYLE = Automatic;
				CURRENT_PROJECT_VERSION = 1;
				GENERATE_INFOPLIST_FILE = YES;
				MARKETING_VERSION = 1.0;
				PRODUCT_BUNDLE_IDENTIFIER = dauphinegroup.MiWeatherUITests;
				PRODUCT_NAME = "$(TARGET_NAME)";
				SWIFT_EMIT_LOC_STRINGS = NO;
				SWIFT_VERSION = 5.0;
				TARGETED_DEVICE_FAMILY = "1,2";
				TEST_TARGET_NAME = MiWeather;
			};
			name = Release;
		};
/* End XCBuildConfiguration section */

/* Begin XCConfigurationList section */
		8793F06729BA92A800342DB9 /* Build configuration list for PBXProject "MiWeather" */ = {
			isa = XCConfigurationList;
			buildConfigurations = (
				8793F09729BA92AA00342DB9 /* Debug */,
				8793F09829BA92AA00342DB9 /* Release */,
			);
			defaultConfigurationIsVisible = 0;
			defaultConfigurationName = Release;
		};
		8793F09929BA92AA00342DB9 /* Build configuration list for PBXNativeTarget "MiWeather" */ = {
			isa = XCConfigurationList;
			buildConfigurations = (
				8793F09A29BA92AA00342DB9 /* Debug */,
				8793F09B29BA92AA00342DB9 /* Release */,
			);
			defaultConfigurationIsVisible = 0;
			defaultConfigurationName = Release;
		};
		8793F09C29BA92AA00342DB9 /* Build configuration list for PBXNativeTarget "MiWeatherTests" */ = {
			isa = XCConfigurationList;
			buildConfigurations = (
				8793F09D29BA92AA00342DB9 /* Debug */,
				8793F09E29BA92AA00342DB9 /* Release */,
			);
			defaultConfigurationIsVisible = 0;
			defaultConfigurationName = Release;
		};
		8793F09F29BA92AA00342DB9 /* Build configuration list for PBXNativeTarget "MiWeatherUITests" */ = {
			isa = XCConfigurationList;
			buildConfigurations = (
				8793F0A029BA92AA00342DB9 /* Debug */,
				8793F0A129BA92AA00342DB9 /* Release */,
			);
			defaultConfigurationIsVisible = 0;
			defaultConfigurationName = Release;
		};
/* End XCConfigurationList section */

/* Begin XCVersionGroup section */
		8793F07829BA92A800342DB9 /* MiWeather.xcdatamodeld */ = {
			isa = XCVersionGroup;
			children = (
				8793F07929BA92A800342DB9 /* MiWeather.xcdatamodel */,
			);
			currentVersion = 8793F07929BA92A800342DB9 /* MiWeather.xcdatamodel */;
			path = MiWeather.xcdatamodeld;
			sourceTree = "<group>";
			versionGroupType = wrapper.xcdatamodel;
		};
/* End XCVersionGroup section */
	};
	rootObject = 8793F06429BA92A800342DB9 /* Project object */;
}
